// !$*UTF8*$!
{
	archiveVersion = 1;
	classes = {
	};
	objectVersion = 56;
	objects = {

/* Begin PBXBuildFile section */
		DDD621E92B63D9E000EE8B49 /* AppDelegate.swift in Sources */ = {isa = PBXBuildFile; fileRef = DDD621E82B63D9E000EE8B49 /* AppDelegate.swift */; };
		DDD621EB2B63D9E000EE8B49 /* SceneDelegate.swift in Sources */ = {isa = PBXBuildFile; fileRef = DDD621EA2B63D9E000EE8B49 /* SceneDelegate.swift */; };
		DDD621F22B63D9E300EE8B49 /* Assets.xcassets in Resources */ = {isa = PBXBuildFile; fileRef = DDD621F12B63D9E300EE8B49 /* Assets.xcassets */; };
		DDD621F52B63D9E300EE8B49 /* LaunchScreen.storyboard in Resources */ = {isa = PBXBuildFile; fileRef = DDD621F32B63D9E300EE8B49 /* LaunchScreen.storyboard */; };
		DDD622062B63E32B00EE8B49 /* Photos.storyboard in Resources */ = {isa = PBXBuildFile; fileRef = DDD622052B63E32B00EE8B49 /* Photos.storyboard */; };
		DDD622092B63E44500EE8B49 /* PhotosViewController.swift in Sources */ = {isa = PBXBuildFile; fileRef = DDD622082B63E44500EE8B49 /* PhotosViewController.swift */; };
		DDD6220B2B63E4C100EE8B49 /* PhotosViewController+TableViewDelegates.swift in Sources */ = {isa = PBXBuildFile; fileRef = DDD6220A2B63E4C100EE8B49 /* PhotosViewController+TableViewDelegates.swift */; };
		DDD6220D2B63E53900EE8B49 /* PhotosViewModel.swift in Sources */ = {isa = PBXBuildFile; fileRef = DDD6220C2B63E53900EE8B49 /* PhotosViewModel.swift */; };
		DDD6220F2B6459D800EE8B49 /* Request.swift in Sources */ = {isa = PBXBuildFile; fileRef = DDD6220E2B6459D800EE8B49 /* Request.swift */; };
		DDD622122B645ABA00EE8B49 /* Alamofire in Frameworks */ = {isa = PBXBuildFile; productRef = DDD622112B645ABA00EE8B49 /* Alamofire */; };
		DDD6221E2B645D1F00EE8B49 /* Urls.swift in Sources */ = {isa = PBXBuildFile; fileRef = DDD6221D2B645D1F00EE8B49 /* Urls.swift */; };
		DDD622212B645E6500EE8B49 /* UIImageViewExtenion.swift in Sources */ = {isa = PBXBuildFile; fileRef = DDD622202B645E6500EE8B49 /* UIImageViewExtenion.swift */; };
		DDD622232B6461ED00EE8B49 /* Serivces.swift in Sources */ = {isa = PBXBuildFile; fileRef = DDD622222B6461ED00EE8B49 /* Serivces.swift */; };
		DDD622252B6467BE00EE8B49 /* PhotosModel.swift in Sources */ = {isa = PBXBuildFile; fileRef = DDD622242B6467BE00EE8B49 /* PhotosModel.swift */; };
		DDD622272B64777200EE8B49 /* Observable.swift in Sources */ = {isa = PBXBuildFile; fileRef = DDD622262B64777200EE8B49 /* Observable.swift */; };
		DDD622322B64876100EE8B49 /* PhotosTableViewCell.swift in Sources */ = {isa = PBXBuildFile; fileRef = DDD622302B64876100EE8B49 /* PhotosTableViewCell.swift */; };
		DDD622332B64876100EE8B49 /* PhotosTableViewCell.xib in Resources */ = {isa = PBXBuildFile; fileRef = DDD622312B64876100EE8B49 /* PhotosTableViewCell.xib */; };
		DDD622352B648B8400EE8B49 /* UIViewExtension.swift in Sources */ = {isa = PBXBuildFile; fileRef = DDD622342B648B8400EE8B49 /* UIViewExtension.swift */; };
		DDD622372B648CA400EE8B49 /* photosCellViewModel.swift in Sources */ = {isa = PBXBuildFile; fileRef = DDD622362B648CA400EE8B49 /* photosCellViewModel.swift */; };
		DDD6223E2B650B5700EE8B49 /* PhotoZoomingViewModel.swift in Sources */ = {isa = PBXBuildFile; fileRef = DDD6223D2B650B5700EE8B49 /* PhotoZoomingViewModel.swift */; };
		DDD622402B65103E00EE8B49 /* PhotosViewController+Helper.swift in Sources */ = {isa = PBXBuildFile; fileRef = DDD6223F2B65103E00EE8B49 /* PhotosViewController+Helper.swift */; };
		DDD622472B65180700EE8B49 /* PhotoZoomingViewController.swift in Sources */ = {isa = PBXBuildFile; fileRef = DDD622452B65180700EE8B49 /* PhotoZoomingViewController.swift */; };
		DDD622482B65180700EE8B49 /* PhotoZoomingViewController.xib in Resources */ = {isa = PBXBuildFile; fileRef = DDD622462B65180700EE8B49 /* PhotoZoomingViewController.xib */; };
/* End PBXBuildFile section */

/* Begin PBXFileReference section */
		DDD621E52B63D9E000EE8B49 /* PhotosTask.app */ = {isa = PBXFileReference; explicitFileType = wrapper.application; includeInIndex = 0; path = PhotosTask.app; sourceTree = BUILT_PRODUCTS_DIR; };
		DDD621E82B63D9E000EE8B49 /* AppDelegate.swift */ = {isa = PBXFileReference; lastKnownFileType = sourcecode.swift; path = AppDelegate.swift; sourceTree = "<group>"; };
		DDD621EA2B63D9E000EE8B49 /* SceneDelegate.swift */ = {isa = PBXFileReference; lastKnownFileType = sourcecode.swift; path = SceneDelegate.swift; sourceTree = "<group>"; };
		DDD621F12B63D9E300EE8B49 /* Assets.xcassets */ = {isa = PBXFileReference; lastKnownFileType = folder.assetcatalog; path = Assets.xcassets; sourceTree = "<group>"; };
		DDD621F42B63D9E300EE8B49 /* Base */ = {isa = PBXFileReference; lastKnownFileType = file.storyboard; name = Base; path = Base.lproj/LaunchScreen.storyboard; sourceTree = "<group>"; };
		DDD621F62B63D9E300EE8B49 /* Info.plist */ = {isa = PBXFileReference; lastKnownFileType = text.plist.xml; path = Info.plist; sourceTree = "<group>"; };
		DDD622052B63E32B00EE8B49 /* Photos.storyboard */ = {isa = PBXFileReference; lastKnownFileType = file.storyboard; path = Photos.storyboard; sourceTree = "<group>"; };
		DDD622082B63E44500EE8B49 /* PhotosViewController.swift */ = {isa = PBXFileReference; lastKnownFileType = sourcecode.swift; path = PhotosViewController.swift; sourceTree = "<group>"; };
		DDD6220A2B63E4C100EE8B49 /* PhotosViewController+TableViewDelegates.swift */ = {isa = PBXFileReference; lastKnownFileType = sourcecode.swift; path = "PhotosViewController+TableViewDelegates.swift"; sourceTree = "<group>"; };
		DDD6220C2B63E53900EE8B49 /* PhotosViewModel.swift */ = {isa = PBXFileReference; lastKnownFileType = sourcecode.swift; path = PhotosViewModel.swift; sourceTree = "<group>"; };
		DDD6220E2B6459D800EE8B49 /* Request.swift */ = {isa = PBXFileReference; lastKnownFileType = sourcecode.swift; path = Request.swift; sourceTree = "<group>"; };
		DDD6221D2B645D1F00EE8B49 /* Urls.swift */ = {isa = PBXFileReference; lastKnownFileType = sourcecode.swift; path = Urls.swift; sourceTree = "<group>"; };
		DDD622202B645E6500EE8B49 /* UIImageViewExtenion.swift */ = {isa = PBXFileReference; lastKnownFileType = sourcecode.swift; path = UIImageViewExtenion.swift; sourceTree = "<group>"; };
		DDD622222B6461ED00EE8B49 /* Serivces.swift */ = {isa = PBXFileReference; lastKnownFileType = sourcecode.swift; path = Serivces.swift; sourceTree = "<group>"; };
		DDD622242B6467BE00EE8B49 /* PhotosModel.swift */ = {isa = PBXFileReference; lastKnownFileType = sourcecode.swift; path = PhotosModel.swift; sourceTree = "<group>"; };
		DDD622262B64777200EE8B49 /* Observable.swift */ = {isa = PBXFileReference; lastKnownFileType = sourcecode.swift; path = Observable.swift; sourceTree = "<group>"; };
		DDD622302B64876100EE8B49 /* PhotosTableViewCell.swift */ = {isa = PBXFileReference; lastKnownFileType = sourcecode.swift; path = PhotosTableViewCell.swift; sourceTree = "<group>"; };
		DDD622312B64876100EE8B49 /* PhotosTableViewCell.xib */ = {isa = PBXFileReference; lastKnownFileType = file.xib; path = PhotosTableViewCell.xib; sourceTree = "<group>"; };
		DDD622342B648B8400EE8B49 /* UIViewExtension.swift */ = {isa = PBXFileReference; lastKnownFileType = sourcecode.swift; path = UIViewExtension.swift; sourceTree = "<group>"; };
		DDD622362B648CA400EE8B49 /* photosCellViewModel.swift */ = {isa = PBXFileReference; lastKnownFileType = sourcecode.swift; path = photosCellViewModel.swift; sourceTree = "<group>"; };
		DDD6223D2B650B5700EE8B49 /* PhotoZoomingViewModel.swift */ = {isa = PBXFileReference; lastKnownFileType = sourcecode.swift; path = PhotoZoomingViewModel.swift; sourceTree = "<group>"; };
		DDD6223F2B65103E00EE8B49 /* PhotosViewController+Helper.swift */ = {isa = PBXFileReference; lastKnownFileType = sourcecode.swift; path = "PhotosViewController+Helper.swift"; sourceTree = "<group>"; };
		DDD622452B65180700EE8B49 /* PhotoZoomingViewController.swift */ = {isa = PBXFileReference; lastKnownFileType = sourcecode.swift; path = PhotoZoomingViewController.swift; sourceTree = "<group>"; };
		DDD622462B65180700EE8B49 /* PhotoZoomingViewController.xib */ = {isa = PBXFileReference; lastKnownFileType = file.xib; path = PhotoZoomingViewController.xib; sourceTree = "<group>"; };
/* End PBXFileReference section */

/* Begin PBXFrameworksBuildPhase section */
		DDD621E22B63D9E000EE8B49 /* Frameworks */ = {
			isa = PBXFrameworksBuildPhase;
			buildActionMask = 2147483647;
			files = (
				DDD622122B645ABA00EE8B49 /* Alamofire in Frameworks */,
			);
			runOnlyForDeploymentPostprocessing = 0;
		};
/* End PBXFrameworksBuildPhase section */

/* Begin PBXGroup section */
		DDD621DC2B63D9E000EE8B49 = {
			isa = PBXGroup;
			children = (
				DDD621E72B63D9E000EE8B49 /* PhotosTask */,
				DDD621E62B63D9E000EE8B49 /* Products */,
			);
			sourceTree = "<group>";
		};
		DDD621E62B63D9E000EE8B49 /* Products */ = {
			isa = PBXGroup;
			children = (
				DDD621E52B63D9E000EE8B49 /* PhotosTask.app */,
			);
			name = Products;
			sourceTree = "<group>";
		};
		DDD621E72B63D9E000EE8B49 /* PhotosTask */ = {
			isa = PBXGroup;
			children = (
				DDD622012B63DC4800EE8B49 /* Networking */,
				DDD6221F2B645E3700EE8B49 /* Extension */,
				DDD622282B64777D00EE8B49 /* Classes */,
				DDD621FD2B63DB5800EE8B49 /* Resources */,
				DDD621FF2B63DBDB00EE8B49 /* Model */,
				DDD622002B63DBE100EE8B49 /* ViewModel */,
				DDD621FE2B63DBD400EE8B49 /* Controllers */,
				DDD622022B63E2C700EE8B49 /* View */,
				DDD621EA2B63D9E000EE8B49 /* SceneDelegate.swift */,
				DDD621E82B63D9E000EE8B49 /* AppDelegate.swift */,
				DDD621F62B63D9E300EE8B49 /* Info.plist */,
			);
			path = PhotosTask;
			sourceTree = "<group>";
		};
		DDD621FD2B63DB5800EE8B49 /* Resources */ = {
			isa = PBXGroup;
			children = (
				DDD621F12B63D9E300EE8B49 /* Assets.xcassets */,
			);
			path = Resources;
			sourceTree = "<group>";
		};
		DDD621FE2B63DBD400EE8B49 /* Controllers */ = {
			isa = PBXGroup;
			children = (
				DDD622382B65090600EE8B49 /* PhotoZoomingView */,
				DDD622072B63E36300EE8B49 /* Photos */,
			);
			path = Controllers;
			sourceTree = "<group>";
		};
		DDD621FF2B63DBDB00EE8B49 /* Model */ = {
			isa = PBXGroup;
			children = (
				DDD622242B6467BE00EE8B49 /* PhotosModel.swift */,
			);
			path = Model;
			sourceTree = "<group>";
		};
		DDD622002B63DBE100EE8B49 /* ViewModel */ = {
			isa = PBXGroup;
			children = (
				DDD6220C2B63E53900EE8B49 /* PhotosViewModel.swift */,
				DDD622362B648CA400EE8B49 /* photosCellViewModel.swift */,
				DDD6223D2B650B5700EE8B49 /* PhotoZoomingViewModel.swift */,
			);
			path = ViewModel;
			sourceTree = "<group>";
		};
		DDD622012B63DC4800EE8B49 /* Networking */ = {
			isa = PBXGroup;
			children = (
				DDD6220E2B6459D800EE8B49 /* Request.swift */,
				DDD6221D2B645D1F00EE8B49 /* Urls.swift */,
				DDD622222B6461ED00EE8B49 /* Serivces.swift */,
			);
			path = Networking;
			sourceTree = "<group>";
		};
		DDD622022B63E2C700EE8B49 /* View */ = {
			isa = PBXGroup;
			children = (
				DDD622292B64870400EE8B49 /* PhotoCell */,
				DDD621F32B63D9E300EE8B49 /* LaunchScreen.storyboard */,
			);
			path = View;
			sourceTree = "<group>";
		};
		DDD622072B63E36300EE8B49 /* Photos */ = {
			isa = PBXGroup;
			children = (
				DDD622052B63E32B00EE8B49 /* Photos.storyboard */,
				DDD622082B63E44500EE8B49 /* PhotosViewController.swift */,
				DDD6220A2B63E4C100EE8B49 /* PhotosViewController+TableViewDelegates.swift */,
				DDD6223F2B65103E00EE8B49 /* PhotosViewController+Helper.swift */,
			);
			path = Photos;
			sourceTree = "<group>";
		};
		DDD6221F2B645E3700EE8B49 /* Extension */ = {
			isa = PBXGroup;
			children = (
				DDD622202B645E6500EE8B49 /* UIImageViewExtenion.swift */,
				DDD622342B648B8400EE8B49 /* UIViewExtension.swift */,
			);
			path = Extension;
			sourceTree = "<group>";
		};
		DDD622282B64777D00EE8B49 /* Classes */ = {
			isa = PBXGroup;
			children = (
				DDD622262B64777200EE8B49 /* Observable.swift */,
			);
			path = Classes;
			sourceTree = "<group>";
		};
		DDD622292B64870400EE8B49 /* PhotoCell */ = {
			isa = PBXGroup;
			children = (
				DDD622302B64876100EE8B49 /* PhotosTableViewCell.swift */,
				DDD622312B64876100EE8B49 /* PhotosTableViewCell.xib */,
			);
			path = PhotoCell;
			sourceTree = "<group>";
		};
		DDD622382B65090600EE8B49 /* PhotoZoomingView */ = {
			isa = PBXGroup;
			children = (
				DDD622452B65180700EE8B49 /* PhotoZoomingViewController.swift */,
				DDD622462B65180700EE8B49 /* PhotoZoomingViewController.xib */,
			);
			path = PhotoZoomingView;
			sourceTree = "<group>";
		};
/* End PBXGroup section */

/* Begin PBXNativeTarget section */
		DDD621E42B63D9E000EE8B49 /* PhotosTask */ = {
			isa = PBXNativeTarget;
			buildConfigurationList = DDD621F92B63D9E300EE8B49 /* Build configuration list for PBXNativeTarget "PhotosTask" */;
			buildPhases = (
				DDD621E12B63D9E000EE8B49 /* Sources */,
				DDD621E22B63D9E000EE8B49 /* Frameworks */,
				DDD621E32B63D9E000EE8B49 /* Resources */,
			);
			buildRules = (
			);
			dependencies = (
			);
			name = PhotosTask;
			packageProductDependencies = (
				DDD622112B645ABA00EE8B49 /* Alamofire */,
			);
			productName = PhotosTask;
			productReference = DDD621E52B63D9E000EE8B49 /* PhotosTask.app */;
			productType = "com.apple.product-type.application";
		};
/* End PBXNativeTarget section */

/* Begin PBXProject section */
		DDD621DD2B63D9E000EE8B49 /* Project object */ = {
			isa = PBXProject;
			attributes = {
				BuildIndependentTargetsInParallel = 1;
				LastSwiftUpdateCheck = 1500;
				LastUpgradeCheck = 1500;
				TargetAttributes = {
					DDD621E42B63D9E000EE8B49 = {
						CreatedOnToolsVersion = 15.0.1;
					};
				};
			};
			buildConfigurationList = DDD621E02B63D9E000EE8B49 /* Build configuration list for PBXProject "PhotosTask" */;
			compatibilityVersion = "Xcode 14.0";
			developmentRegion = en;
			hasScannedForEncodings = 0;
			knownRegions = (
				en,
				Base,
			);
			mainGroup = DDD621DC2B63D9E000EE8B49;
			packageReferences = (
				DDD622102B645ABA00EE8B49 /* XCRemoteSwiftPackageReference "Alamofire" */,
			);
			productRefGroup = DDD621E62B63D9E000EE8B49 /* Products */;
			projectDirPath = "";
			projectRoot = "";
			targets = (
				DDD621E42B63D9E000EE8B49 /* PhotosTask */,
			);
		};
/* End PBXProject section */

/* Begin PBXResourcesBuildPhase section */
		DDD621E32B63D9E000EE8B49 /* Resources */ = {
			isa = PBXResourcesBuildPhase;
			buildActionMask = 2147483647;
			files = (
				DDD622332B64876100EE8B49 /* PhotosTableViewCell.xib in Resources */,
				DDD622062B63E32B00EE8B49 /* Photos.storyboard in Resources */,
				DDD621F52B63D9E300EE8B49 /* LaunchScreen.storyboard in Resources */,
				DDD621F22B63D9E300EE8B49 /* Assets.xcassets in Resources */,
				DDD622482B65180700EE8B49 /* PhotoZoomingViewController.xib in Resources */,
			);
			runOnlyForDeploymentPostprocessing = 0;
		};
/* End PBXResourcesBuildPhase section */

/* Begin PBXSourcesBuildPhase section */
		DDD621E12B63D9E000EE8B49 /* Sources */ = {
			isa = PBXSourcesBuildPhase;
			buildActionMask = 2147483647;
			files = (
				DDD622322B64876100EE8B49 /* PhotosTableViewCell.swift in Sources */,
				DDD622372B648CA400EE8B49 /* photosCellViewModel.swift in Sources */,
				DDD6220B2B63E4C100EE8B49 /* PhotosViewController+TableViewDelegates.swift in Sources */,
				DDD622352B648B8400EE8B49 /* UIViewExtension.swift in Sources */,
				DDD6220F2B6459D800EE8B49 /* Request.swift in Sources */,
				DDD622212B645E6500EE8B49 /* UIImageViewExtenion.swift in Sources */,
				DDD622092B63E44500EE8B49 /* PhotosViewController.swift in Sources */,
				DDD622402B65103E00EE8B49 /* PhotosViewController+Helper.swift in Sources */,
				DDD6220D2B63E53900EE8B49 /* PhotosViewModel.swift in Sources */,
				DDD621E92B63D9E000EE8B49 /* AppDelegate.swift in Sources */,
				DDD622252B6467BE00EE8B49 /* PhotosModel.swift in Sources */,
				DDD622272B64777200EE8B49 /* Observable.swift in Sources */,
				DDD6221E2B645D1F00EE8B49 /* Urls.swift in Sources */,
				DDD621EB2B63D9E000EE8B49 /* SceneDelegate.swift in Sources */,
				DDD622472B65180700EE8B49 /* PhotoZoomingViewController.swift in Sources */,
				DDD622232B6461ED00EE8B49 /* Serivces.swift in Sources */,
				DDD6223E2B650B5700EE8B49 /* PhotoZoomingViewModel.swift in Sources */,
			);
			runOnlyForDeploymentPostprocessing = 0;
		};
/* End PBXSourcesBuildPhase section */

/* Begin PBXVariantGroup section */
		DDD621F32B63D9E300EE8B49 /* LaunchScreen.storyboard */ = {
			isa = PBXVariantGroup;
			children = (
				DDD621F42B63D9E300EE8B49 /* Base */,
			);
			name = LaunchScreen.storyboard;
			sourceTree = "<group>";
		};
/* End PBXVariantGroup section */

/* Begin XCBuildConfiguration section */
		DDD621F72B63D9E300EE8B49 /* Debug */ = {
			isa = XCBuildConfiguration;
			buildSettings = {
				ALWAYS_SEARCH_USER_PATHS = NO;
				ASSETCATALOG_COMPILER_GENERATE_SWIFT_ASSET_SYMBOL_EXTENSIONS = YES;
				CLANG_ANALYZER_NONNULL = YES;
				CLANG_ANALYZER_NUMBER_OBJECT_CONVERSION = YES_AGGRESSIVE;
				CLANG_CXX_LANGUAGE_STANDARD = "gnu++20";
				CLANG_ENABLE_MODULES = YES;
				CLANG_ENABLE_OBJC_ARC = YES;
				CLANG_ENABLE_OBJC_WEAK = YES;
				CLANG_WARN_BLOCK_CAPTURE_AUTORELEASING = YES;
				CLANG_WARN_BOOL_CONVERSION = YES;
				CLANG_WARN_COMMA = YES;
				CLANG_WARN_CONSTANT_CONVERSION = YES;
				CLANG_WARN_DEPRECATED_OBJC_IMPLEMENTATIONS = YES;
				CLANG_WARN_DIRECT_OBJC_ISA_USAGE = YES_ERROR;
				CLANG_WARN_DOCUMENTATION_COMMENTS = YES;
				CLANG_WARN_EMPTY_BODY = YES;
				CLANG_WARN_ENUM_CONVERSION = YES;
				CLANG_WARN_INFINITE_RECURSION = YES;
				CLANG_WARN_INT_CONVERSION = YES;
				CLANG_WARN_NON_LITERAL_NULL_CONVERSION = YES;
				CLANG_WARN_OBJC_IMPLICIT_RETAIN_SELF = YES;
				CLANG_WARN_OBJC_LITERAL_CONVERSION = YES;
				CLANG_WARN_OBJC_ROOT_CLASS = YES_ERROR;
				CLANG_WARN_QUOTED_INCLUDE_IN_FRAMEWORK_HEADER = YES;
				CLANG_WARN_RANGE_LOOP_ANALYSIS = YES;
				CLANG_WARN_STRICT_PROTOTYPES = YES;
				CLANG_WARN_SUSPICIOUS_MOVE = YES;
				CLANG_WARN_UNGUARDED_AVAILABILITY = YES_AGGRESSIVE;
				CLANG_WARN_UNREACHABLE_CODE = YES;
				CLANG_WARN__DUPLICATE_METHOD_MATCH = YES;
				COPY_PHASE_STRIP = NO;
				DEBUG_INFORMATION_FORMAT = dwarf;
				ENABLE_STRICT_OBJC_MSGSEND = YES;
				ENABLE_TESTABILITY = YES;
				ENABLE_USER_SCRIPT_SANDBOXING = YES;
				GCC_C_LANGUAGE_STANDARD = gnu17;
				GCC_DYNAMIC_NO_PIC = NO;
				GCC_NO_COMMON_BLOCKS = YES;
				GCC_OPTIMIZATION_LEVEL = 0;
				GCC_PREPROCESSOR_DEFINITIONS = (
					"DEBUG=1",
					"$(inherited)",
				);
				GCC_WARN_64_TO_32_BIT_CONVERSION = YES;
				GCC_WARN_ABOUT_RETURN_TYPE = YES_ERROR;
				GCC_WARN_UNDECLARED_SELECTOR = YES;
				GCC_WARN_UNINITIALIZED_AUTOS = YES_AGGRESSIVE;
				GCC_WARN_UNUSED_FUNCTION = YES;
				GCC_WARN_UNUSED_VARIABLE = YES;
				IPHONEOS_DEPLOYMENT_TARGET = 17.0;
				LOCALIZATION_PREFERS_STRING_CATALOGS = YES;
				MTL_ENABLE_DEBUG_INFO = INCLUDE_SOURCE;
				MTL_FAST_MATH = YES;
				ONLY_ACTIVE_ARCH = YES;
				SDKROOT = iphoneos;
				SWIFT_ACTIVE_COMPILATION_CONDITIONS = "DEBUG $(inherited)";
				SWIFT_OPTIMIZATION_LEVEL = "-Onone";
			};
			name = Debug;
		};
		DDD621F82B63D9E300EE8B49 /* Release */ = {
			isa = XCBuildConfiguration;
			buildSettings = {
				ALWAYS_SEARCH_USER_PATHS = NO;
				ASSETCATALOG_COMPILER_GENERATE_SWIFT_ASSET_SYMBOL_EXTENSIONS = YES;
				CLANG_ANALYZER_NONNULL = YES;
				CLANG_ANALYZER_NUMBER_OBJECT_CONVERSION = YES_AGGRESSIVE;
				CLANG_CXX_LANGUAGE_STANDARD = "gnu++20";
				CLANG_ENABLE_MODULES = YES;
				CLANG_ENABLE_OBJC_ARC = YES;
				CLANG_ENABLE_OBJC_WEAK = YES;
				CLANG_WARN_BLOCK_CAPTURE_AUTORELEASING = YES;
				CLANG_WARN_BOOL_CONVERSION = YES;
				CLANG_WARN_COMMA = YES;
				CLANG_WARN_CONSTANT_CONVERSION = YES;
				CLANG_WARN_DEPRECATED_OBJC_IMPLEMENTATIONS = YES;
				CLANG_WARN_DIRECT_OBJC_ISA_USAGE = YES_ERROR;
				CLANG_WARN_DOCUMENTATION_COMMENTS = YES;
				CLANG_WARN_EMPTY_BODY = YES;
				CLANG_WARN_ENUM_CONVERSION = YES;
				CLANG_WARN_INFINITE_RECURSION = YES;
				CLANG_WARN_INT_CONVERSION = YES;
				CLANG_WARN_NON_LITERAL_NULL_CONVERSION = YES;
				CLANG_WARN_OBJC_IMPLICIT_RETAIN_SELF = YES;
				CLANG_WARN_OBJC_LITERAL_CONVERSION = YES;
				CLANG_WARN_OBJC_ROOT_CLASS = YES_ERROR;
				CLANG_WARN_QUOTED_INCLUDE_IN_FRAMEWORK_HEADER = YES;
				CLANG_WARN_RANGE_LOOP_ANALYSIS = YES;
				CLANG_WARN_STRICT_PROTOTYPES = YES;
				CLANG_WARN_SUSPICIOUS_MOVE = YES;
				CLANG_WARN_UNGUARDED_AVAILABILITY = YES_AGGRESSIVE;
				CLANG_WARN_UNREACHABLE_CODE = YES;
				CLANG_WARN__DUPLICATE_METHOD_MATCH = YES;
				COPY_PHASE_STRIP = NO;
				DEBUG_INFORMATION_FORMAT = "dwarf-with-dsym";
				ENABLE_NS_ASSERTIONS = NO;
				ENABLE_STRICT_OBJC_MSGSEND = YES;
				ENABLE_USER_SCRIPT_SANDBOXING = YES;
				GCC_C_LANGUAGE_STANDARD = gnu17;
				GCC_NO_COMMON_BLOCKS = YES;
				GCC_WARN_64_TO_32_BIT_CONVERSION = YES;
				GCC_WARN_ABOUT_RETURN_TYPE = YES_ERROR;
				GCC_WARN_UNDECLARED_SELECTOR = YES;
				GCC_WARN_UNINITIALIZED_AUTOS = YES_AGGRESSIVE;
				GCC_WARN_UNUSED_FUNCTION = YES;
				GCC_WARN_UNUSED_VARIABLE = YES;
				IPHONEOS_DEPLOYMENT_TARGET = 17.0;
				LOCALIZATION_PREFERS_STRING_CATALOGS = YES;
				MTL_ENABLE_DEBUG_INFO = NO;
				MTL_FAST_MATH = YES;
				SDKROOT = iphoneos;
				SWIFT_COMPILATION_MODE = wholemodule;
				VALIDATE_PRODUCT = YES;
			};
			name = Release;
		};
		DDD621FA2B63D9E300EE8B49 /* Debug */ = {
			isa = XCBuildConfiguration;
			buildSettings = {
				ASSETCATALOG_COMPILER_APPICON_NAME = AppIcon;
				ASSETCATALOG_COMPILER_GLOBAL_ACCENT_COLOR_NAME = AccentColor;
				CODE_SIGN_STYLE = Automatic;
				CURRENT_PROJECT_VERSION = 1;
				DEVELOPMENT_TEAM = UH3752ZWXL;
				GENERATE_INFOPLIST_FILE = YES;
				INFOPLIST_FILE = PhotosTask/Info.plist;
				INFOPLIST_KEY_UIApplicationSupportsIndirectInputEvents = YES;
				INFOPLIST_KEY_UILaunchStoryboardName = LaunchScreen;
				INFOPLIST_KEY_UISupportedInterfaceOrientations_iPad = "UIInterfaceOrientationPortrait UIInterfaceOrientationPortraitUpsideDown UIInterfaceOrientationLandscapeLeft UIInterfaceOrientationLandscapeRight";
				INFOPLIST_KEY_UISupportedInterfaceOrientations_iPhone = "UIInterfaceOrientationPortrait UIInterfaceOrientationLandscapeLeft UIInterfaceOrientationLandscapeRight";
				IPHONEOS_DEPLOYMENT_TARGET = 15.0;
				LD_RUNPATH_SEARCH_PATHS = (
					"$(inherited)",
					"@executable_path/Frameworks",
				);
				MARKETING_VERSION = 1.0;
				PRODUCT_BUNDLE_IDENTIFIER = kariman.PhotosTask;
				PRODUCT_NAME = "$(TARGET_NAME)";
				SWIFT_EMIT_LOC_STRINGS = YES;
				SWIFT_VERSION = 5.0;
				TARGETED_DEVICE_FAMILY = "1,2";
			};
			name = Debug;
		};
		DDD621FB2B63D9E300EE8B49 /* Release */ = {
			isa = XCBuildConfiguration;
			buildSettings = {
				ASSETCATALOG_COMPILER_APPICON_NAME = AppIcon;
				ASSETCATALOG_COMPILER_GLOBAL_ACCENT_COLOR_NAME = AccentColor;
				CODE_SIGN_STYLE = Automatic;
				CURRENT_PROJECT_VERSION = 1;
				DEVELOPMENT_TEAM = UH3752ZWXL;
				GENERATE_INFOPLIST_FILE = YES;
				INFOPLIST_FILE = PhotosTask/Info.plist;
				INFOPLIST_KEY_UIApplicationSupportsIndirectInputEvents = YES;
				INFOPLIST_KEY_UILaunchStoryboardName = LaunchScreen;
				INFOPLIST_KEY_UISupportedInterfaceOrientations_iPad = "UIInterfaceOrientationPortrait UIInterfaceOrientationPortraitUpsideDown UIInterfaceOrientationLandscapeLeft UIInterfaceOrientationLandscapeRight";
				INFOPLIST_KEY_UISupportedInterfaceOrientations_iPhone = "UIInterfaceOrientationPortrait UIInterfaceOrientationLandscapeLeft UIInterfaceOrientationLandscapeRight";
				IPHONEOS_DEPLOYMENT_TARGET = 15.0;
				LD_RUNPATH_SEARCH_PATHS = (
					"$(inherited)",
					"@executable_path/Frameworks",
				);
				MARKETING_VERSION = 1.0;
				PRODUCT_BUNDLE_IDENTIFIER = kariman.PhotosTask;
				PRODUCT_NAME = "$(TARGET_NAME)";
				SWIFT_EMIT_LOC_STRINGS = YES;
				SWIFT_VERSION = 5.0;
				TARGETED_DEVICE_FAMILY = "1,2";
			};
			name = Release;
		};
/* End XCBuildConfiguration section */

/* Begin XCConfigurationList section */
		DDD621E02B63D9E000EE8B49 /* Build configuration list for PBXProject "PhotosTask" */ = {
			isa = XCConfigurationList;
			buildConfigurations = (
				DDD621F72B63D9E300EE8B49 /* Debug */,
				DDD621F82B63D9E300EE8B49 /* Release */,
			);
			defaultConfigurationIsVisible = 0;
			defaultConfigurationName = Release;
		};
		DDD621F92B63D9E300EE8B49 /* Build configuration list for PBXNativeTarget "PhotosTask" */ = {
			isa = XCConfigurationList;
			buildConfigurations = (
				DDD621FA2B63D9E300EE8B49 /* Debug */,
				DDD621FB2B63D9E300EE8B49 /* Release */,
			);
			defaultConfigurationIsVisible = 0;
			defaultConfigurationName = Release;
		};
/* End XCConfigurationList section */

/* Begin XCRemoteSwiftPackageReference section */
		DDD622102B645ABA00EE8B49 /* XCRemoteSwiftPackageReference "Alamofire" */ = {
			isa = XCRemoteSwiftPackageReference;
			repositoryURL = "https://github.com/Alamofire/Alamofire.git";
			requirement = {
				kind = upToNextMajorVersion;
				minimumVersion = 5.8.1;
			};
		};
/* End XCRemoteSwiftPackageReference section */

/* Begin XCSwiftPackageProductDependency section */
		DDD622112B645ABA00EE8B49 /* Alamofire */ = {
			isa = XCSwiftPackageProductDependency;
			package = DDD622102B645ABA00EE8B49 /* XCRemoteSwiftPackageReference "Alamofire" */;
			productName = Alamofire;
		};
/* End XCSwiftPackageProductDependency section */
	};
	rootObject = DDD621DD2B63D9E000EE8B49 /* Project object */;
}
